
Microsoft Visual Studio Solution File, Format Version 12.00
# Visual Studio Version 16
VisualStudioVersion = 16.0.29519.181
MinimumVisualStudioVersion = 10.0.40219.1
Project("{FAE04EC0-301F-11D3-BF4B-00C04F79EFBC}") = "ExcelFile", "..\ExcelFile\ExcelFile.csproj", "{C68CCED8-36A9-46E9-A05C-A151380F451C}"
EndProject
Global
	GlobalSection(SolutionConfigurationPlatforms) = preSolution
		Debug|Any CPU = Debug|Any CPU
		Release|Any CPU = Release|Any CPU
	EndGlobalSection
	GlobalSection(ProjectConfigurationPlatforms) = postSolution
		{C68CCED8-36A9-46E9-A05C-A151380F451C}.Debug|Any CPU.ActiveCfg = Debug|Any CPU
		{C68CCED8-36A9-46E9-A05C-A151380F451C}.Debug|Any CPU.Build.0 = Debug|Any CPU
		{C68CCED8-36A9-46E9-A05C-A151380F451C}.Release|Any CPU.ActiveCfg = Release|Any CPU
		{C68CCED8-36A9-46E9-A05C-A151380F451C}.Release|Any CPU.Build.0 = Release|Any CPU
	EndGlobalSection
	GlobalSection(SolutionProperties) = preSolution
		HideSolutionNode = FALSE
	EndGlobalSection
	GlobalSection(ExtensibilityGlobals) = postSolution
		SolutionGuid = {77C2970C-9B69-47E1-86A2-123A69E979B2}
	EndGlobalSection
EndGlobal
